
Microsoft Visual Studio Solution File, Format Version 12.00
# Visual Studio Version 17
VisualStudioVersion = 17.8.34330.188
MinimumVisualStudioVersion = 15.0.26124.0
Project("{9A19103F-16F7-4668-BE54-9A1E7A4F7556}") = "Antflip", "Antflip\Antflip.csproj", "{9A56C434-3E2A-4EA8-84D3-FB33146EAF8A}"
	ProjectSection(ProjectDependencies) = postProject
		{F81C44CB-AFF2-44E5-9055-F67C94DDEAA2} = {F81C44CB-AFF2-44E5-9055-F67C94DDEAA2}
	EndProjectSection
EndProject
Project("{8BC9CEB8-8B4A-11D0-8D11-00A0C91BC942}") = "usb-relay-device", "usb-relay-device\usb-relay-device.vcxproj", "{F81C44CB-AFF2-44E5-9055-F67C94DDEAA2}"
EndProject
Project("{54435603-DBB4-11D2-8724-00A0C9A8B90C}") = "Installer", "Installer\Installer.vdproj", "{475B8F06-AA76-4C62-95E4-6E9ED1CA21B4}"
EndProject
Project("{2150E333-8FDC-42A3-9474-1A3956D46DE8}") = "Solution Items", "Solution Items", "{B7AE205E-047B-49CC-A832-596F1E8F55EC}"
	ProjectSection(SolutionItems) = preProject
		.editorconfig = .editorconfig
	EndProjectSection
EndProject
Global
	GlobalSection(SolutionConfigurationPlatforms) = preSolution
		Debug|x64 = Debug|x64
		Release|x64 = Release|x64
	EndGlobalSection
	GlobalSection(ProjectConfigurationPlatforms) = postSolution
		{9A56C434-3E2A-4EA8-84D3-FB33146EAF8A}.Debug|x64.ActiveCfg = Debug|Any CPU
		{9A56C434-3E2A-4EA8-84D3-FB33146EAF8A}.Debug|x64.Build.0 = Debug|Any CPU
		{9A56C434-3E2A-4EA8-84D3-FB33146EAF8A}.Release|x64.ActiveCfg = Release|x64
		{9A56C434-3E2A-4EA8-84D3-FB33146EAF8A}.Release|x64.Build.0 = Release|x64
		{F81C44CB-AFF2-44E5-9055-F67C94DDEAA2}.Debug|x64.ActiveCfg = Debug|x64
		{F81C44CB-AFF2-44E5-9055-F67C94DDEAA2}.Debug|x64.Build.0 = Debug|x64
		{F81C44CB-AFF2-44E5-9055-F67C94DDEAA2}.Release|x64.ActiveCfg = Release|x64
		{F81C44CB-AFF2-44E5-9055-F67C94DDEAA2}.Release|x64.Build.0 = Release|x64
		{475B8F06-AA76-4C62-95E4-6E9ED1CA21B4}.Debug|x64.ActiveCfg = Debug
		{475B8F06-AA76-4C62-95E4-6E9ED1CA21B4}.Release|x64.ActiveCfg = Release
		{475B8F06-AA76-4C62-95E4-6E9ED1CA21B4}.Release|x64.Build.0 = Release
	EndGlobalSection
	GlobalSection(SolutionProperties) = preSolution
		HideSolutionNode = FALSE
	EndGlobalSection
	GlobalSection(ExtensibilityGlobals) = postSolution
		SolutionGuid = {8AB68F8E-948E-4C69-82AC-8E5EF933AB54}
	EndGlobalSection
EndGlobal
